# This file was autogenerated by Stack.
# You should not edit this file by hand.
# For more information, please see the documentation at:
#   https://docs.haskellstack.org/en/stable/lock_files

packages:
- completed:
    hackage: hip-1.5.6.0@sha256:296c55622f62485422c0a593c7306af1a5abf8ba9f866dcdffc281b01eba65d7,6988
    pantry-tree:
      size: 7456
      sha256: d79395e6ec9caf1132a7e001f6fe9b8ebada31e0e52087a4a1a971e3f295a7f4
  original:
    hackage: hip-1.5.6.0@sha256:296c55622f62485422c0a593c7306af1a5abf8ba9f866dcdffc281b01eba65d7,6988
- completed:
    hackage: repa-3.4.1.4@sha256:70ef4758937baa29be1ac0a78ecbccf341b3f276c9efb632b4829eea80445e2d,3315
    pantry-tree:
      size: 2965
      sha256: 294773b0e6be4a4198133715d4c7f2d0d8e5aec4adea7e59578d1b3823a7879d
  original:
    hackage: repa-3.4.1.4@sha256:70ef4758937baa29be1ac0a78ecbccf341b3f276c9efb632b4829eea80445e2d,3315
- completed:
    hackage: normaldistribution-1.1.0.3@sha256:2615b784c4112cbf6ffa0e2b55b76790290a9b9dff18a05d8c89aa374b213477,2160
    pantry-tree:
      size: 269
      sha256: 856818862d12df8b030fa9cfef2c4ffa604d06f0eb057498db245dfffcd60e3c
  original:
    hackage: normaldistribution-1.1.0.3@sha256:2615b784c4112cbf6ffa0e2b55b76790290a9b9dff18a05d8c89aa374b213477,2160
- completed:
    hackage: Cabal-3.0.2.0@sha256:f45ee078a8529d1ad3993767345ac83304c7f2ff5eec02c455a1dc200ad22c67,26714
    pantry-tree:
      size: 40207
      sha256: 653461a4e58b10a6ef9d6ed5e07b1f8839ed46b4673133ecbe3899a48d6b983b
  original:
    hackage: Cabal-3.0.2.0@sha256:f45ee078a8529d1ad3993767345ac83304c7f2ff5eec02c455a1dc200ad22c67,26714
- completed:
    hackage: directory-1.3.6.1@sha256:3dc9c69c8e09ec95a7a45c6d06abe0f0d2f604439c37e5f88e5a6c335b088d71,2810
    pantry-tree:
      size: 3433
      sha256: 9247d0e7cfbf9946b922d23bd56a6b765cdb91f71d72f8ae6ed22c94dbd9f1db
  original:
    hackage: directory-1.3.6.1@sha256:3dc9c69c8e09ec95a7a45c6d06abe0f0d2f604439c37e5f88e5a6c335b088d71,2810
- completed:
    hackage: process-1.6.10.0@sha256:c0d2d8adaca7cea7ceaa60e67b61c775dc03727b83bdb1c97aa8cbeac9f5dd84,2469
    pantry-tree:
      size: 1211
      sha256: 6e90778b5105753d7de0f7a0c502dadf8f04825f17a36186aa801e56ef7ca206
  original:
    hackage: process-1.6.10.0@sha256:c0d2d8adaca7cea7ceaa60e67b61c775dc03727b83bdb1c97aa8cbeac9f5dd84,2469
snapshots:
- completed:
    size: 496120
    url: https://raw.githubusercontent.com/commercialhaskell/stackage-snapshots/master/lts/15/16.yaml
    sha256: cf30623a2c147f51eecc8f9d6440f5d1b671af21380505e633faff32b565f3d5
  original: lts-15.16
