# This file was autogenerated by Stack.
# You should not edit this file by hand.
# For more information, please see the documentation at:
#   https://docs.haskellstack.org/en/stable/lock_files

packages:
- completed:
    hackage: hip-1.5.6.0@sha256:296c55622f62485422c0a593c7306af1a5abf8ba9f866dcdffc281b01eba65d7,6988
    pantry-tree:
      size: 7456
      sha256: d79395e6ec9caf1132a7e001f6fe9b8ebada31e0e52087a4a1a971e3f295a7f4
  original:
    hackage: hip-1.5.6.0@sha256:296c55622f62485422c0a593c7306af1a5abf8ba9f866dcdffc281b01eba65d7,6988
- completed:
    hackage: repa-3.4.1.4@sha256:70ef4758937baa29be1ac0a78ecbccf341b3f276c9efb632b4829eea80445e2d,3315
    pantry-tree:
      size: 2965
      sha256: 294773b0e6be4a4198133715d4c7f2d0d8e5aec4adea7e59578d1b3823a7879d
  original:
    hackage: repa-3.4.1.4@sha256:70ef4758937baa29be1ac0a78ecbccf341b3f276c9efb632b4829eea80445e2d,3315
- completed:
    hackage: normaldistribution-1.1.0.3@sha256:2615b784c4112cbf6ffa0e2b55b76790290a9b9dff18a05d8c89aa374b213477,2160
    pantry-tree:
      size: 269
      sha256: 856818862d12df8b030fa9cfef2c4ffa604d06f0eb057498db245dfffcd60e3c
  original:
    hackage: normaldistribution-1.1.0.3@sha256:2615b784c4112cbf6ffa0e2b55b76790290a9b9dff18a05d8c89aa374b213477,2160
snapshots:
- completed:
    size: 496120
    url: https://raw.githubusercontent.com/commercialhaskell/stackage-snapshots/master/lts/15/16.yaml
    sha256: cf30623a2c147f51eecc8f9d6440f5d1b671af21380505e633faff32b565f3d5
  original: lts-15.16
